
Microsoft Visual Studio Solution File, Format Version 11.00
# Visual Studio 2010
Project("{FAE04EC0-301F-11D3-BF4B-00C04F79EFBC}") = "Spring.IocQuickStart.VariableSources", "src\Spring.IocQuickStart.VariableSources\Spring.IocQuickStart.VariableSources.csproj", "{BB2FBBE8-4FB4-44FF-910E-7301307AC6DE}"
EndProject
Project("{FAE04EC0-301F-11D3-BF4B-00C04F79EFBC}") = "Spring.IocQuickStart.VariableSources.Test", "test\Spring.IocQuickStart.VariableSources.Test\Spring.IocQuickStart.VariableSources.Test.csproj", "{D30F2505-DA4E-4D7A-951E-70746F2CE4D0}"
EndProject
Project("{2150E333-8FDC-42A3-9474-1A3956D46DE8}") = ".nuget", ".nuget", "{7C8D9F01-D1B3-4924-843F-70F7682940A0}"
	ProjectSection(SolutionItems) = preProject
		.nuget\NuGet.exe = .nuget\NuGet.exe
		.nuget\NuGet.targets = .nuget\NuGet.targets
	EndProjectSection
EndProject
Global
	GlobalSection(SolutionConfigurationPlatforms) = preSolution
		Debug|Any CPU = Debug|Any CPU
		Debug|Mixed Platforms = Debug|Mixed Platforms
		Debug|x86 = Debug|x86
		Release|Any CPU = Release|Any CPU
		Release|Mixed Platforms = Release|Mixed Platforms
		Release|x86 = Release|x86
	EndGlobalSection
	GlobalSection(ProjectConfigurationPlatforms) = postSolution
		{BB2FBBE8-4FB4-44FF-910E-7301307AC6DE}.Debug|Any CPU.ActiveCfg = Debug|x86
		{BB2FBBE8-4FB4-44FF-910E-7301307AC6DE}.Debug|Any CPU.Build.0 = Debug|x86
		{BB2FBBE8-4FB4-44FF-910E-7301307AC6DE}.Debug|Mixed Platforms.ActiveCfg = Debug|x86
		{BB2FBBE8-4FB4-44FF-910E-7301307AC6DE}.Debug|Mixed Platforms.Build.0 = Debug|x86
		{BB2FBBE8-4FB4-44FF-910E-7301307AC6DE}.Debug|x86.ActiveCfg = Debug|x86
		{BB2FBBE8-4FB4-44FF-910E-7301307AC6DE}.Debug|x86.Build.0 = Debug|x86
		{BB2FBBE8-4FB4-44FF-910E-7301307AC6DE}.Release|Any CPU.ActiveCfg = Release|x86
		{BB2FBBE8-4FB4-44FF-910E-7301307AC6DE}.Release|Mixed Platforms.ActiveCfg = Release|x86
		{BB2FBBE8-4FB4-44FF-910E-7301307AC6DE}.Release|Mixed Platforms.Build.0 = Release|x86
		{BB2FBBE8-4FB4-44FF-910E-7301307AC6DE}.Release|x86.ActiveCfg = Release|x86
		{BB2FBBE8-4FB4-44FF-910E-7301307AC6DE}.Release|x86.Build.0 = Release|x86
		{D30F2505-DA4E-4D7A-951E-70746F2CE4D0}.Debug|Any CPU.ActiveCfg = Debug|Any CPU
		{D30F2505-DA4E-4D7A-951E-70746F2CE4D0}.Debug|Any CPU.Build.0 = Debug|Any CPU
		{D30F2505-DA4E-4D7A-951E-70746F2CE4D0}.Debug|Mixed Platforms.ActiveCfg = Debug|Any CPU
		{D30F2505-DA4E-4D7A-951E-70746F2CE4D0}.Debug|Mixed Platforms.Build.0 = Debug|Any CPU
		{D30F2505-DA4E-4D7A-951E-70746F2CE4D0}.Debug|x86.ActiveCfg = Debug|Any CPU
		{D30F2505-DA4E-4D7A-951E-70746F2CE4D0}.Release|Any CPU.ActiveCfg = Release|Any CPU
		{D30F2505-DA4E-4D7A-951E-70746F2CE4D0}.Release|Any CPU.Build.0 = Release|Any CPU
		{D30F2505-DA4E-4D7A-951E-70746F2CE4D0}.Release|Mixed Platforms.ActiveCfg = Release|Any CPU
		{D30F2505-DA4E-4D7A-951E-70746F2CE4D0}.Release|Mixed Platforms.Build.0 = Release|Any CPU
		{D30F2505-DA4E-4D7A-951E-70746F2CE4D0}.Release|x86.ActiveCfg = Release|Any CPU
	EndGlobalSection
	GlobalSection(SolutionProperties) = preSolution
		HideSolutionNode = FALSE
	EndGlobalSection
EndGlobal
